// !$*UTF8*$!
{
	archiveVersion = 1;
	classes = {
	};
	objectVersion = 50;
	objects = {

/* Begin PBXBuildFile section */
		345AD11C24C6EDD9004E2EE1 /* AppDelegate.swift in Sources */ = {isa = PBXBuildFile; fileRef = 345AD11B24C6EDD9004E2EE1 /* AppDelegate.swift */; };
		345AD12524C6EDDC004E2EE1 /* Assets.xcassets in Resources */ = {isa = PBXBuildFile; fileRef = 345AD12424C6EDDC004E2EE1 /* Assets.xcassets */; };
		345AD12824C6EDDC004E2EE1 /* LaunchScreen.storyboard in Resources */ = {isa = PBXBuildFile; fileRef = 345AD12624C6EDDC004E2EE1 /* LaunchScreen.storyboard */; };
		345AD13324C6EE64004E2EE1 /* FeedViewController.swift in Sources */ = {isa = PBXBuildFile; fileRef = 345AD12F24C6EE64004E2EE1 /* FeedViewController.swift */; };
		345AD13424C6EE64004E2EE1 /* ReviewCell.swift in Sources */ = {isa = PBXBuildFile; fileRef = 345AD13024C6EE64004E2EE1 /* ReviewCell.swift */; };
		345AD13524C6EE64004E2EE1 /* Feed.swift in Sources */ = {isa = PBXBuildFile; fileRef = 345AD13124C6EE64004E2EE1 /* Feed.swift */; };
		345AD13624C6EE64004E2EE1 /* DetailsViewController.swift in Sources */ = {isa = PBXBuildFile; fileRef = 345AD13224C6EE64004E2EE1 /* DetailsViewController.swift */; };
		A73C61D72518E08900C9A48B /* FilterViewController.swift in Sources */ = {isa = PBXBuildFile; fileRef = A73C61D62518E08900C9A48B /* FilterViewController.swift */; };
		A73C61DB2518E50500C9A48B /* FilterViewModel.swift in Sources */ = {isa = PBXBuildFile; fileRef = A73C61DA2518E50500C9A48B /* FilterViewModel.swift */; };
		A73C61DE2518E76800C9A48B /* FilterCell.swift in Sources */ = {isa = PBXBuildFile; fileRef = A73C61DD2518E76800C9A48B /* FilterCell.swift */; };
		A73C61E8251945F700C9A48B /* DetailsViewModel.swift in Sources */ = {isa = PBXBuildFile; fileRef = A73C61E7251945F700C9A48B /* DetailsViewModel.swift */; };
		A73C61F02519488600C9A48B /* Extension+Int.swift in Sources */ = {isa = PBXBuildFile; fileRef = A73C61EF2519488600C9A48B /* Extension+Int.swift */; };
		A7D1DE0C2518A63200011855 /* NetworkService.swift in Sources */ = {isa = PBXBuildFile; fileRef = A7D1DE0B2518A63200011855 /* NetworkService.swift */; };
		A7D1DE0F2518A6A800011855 /* APIMapping.swift in Sources */ = {isa = PBXBuildFile; fileRef = A7D1DE0E2518A6A800011855 /* APIMapping.swift */; };
		A7D1DE132518B05500011855 /* FeedViewModel.swift in Sources */ = {isa = PBXBuildFile; fileRef = A7D1DE122518B05500011855 /* FeedViewModel.swift */; };
		A7D1DE192518B48F00011855 /* FeedService.swift in Sources */ = {isa = PBXBuildFile; fileRef = A7D1DE182518B48F00011855 /* FeedService.swift */; };
/* End PBXBuildFile section */

/* Begin PBXFileReference section */
		345AD11824C6EDD9004E2EE1 /* AppStoreReviews.app */ = {isa = PBXFileReference; explicitFileType = wrapper.application; includeInIndex = 0; path = AppStoreReviews.app; sourceTree = BUILT_PRODUCTS_DIR; };
		345AD11B24C6EDD9004E2EE1 /* AppDelegate.swift */ = {isa = PBXFileReference; lastKnownFileType = sourcecode.swift; path = AppDelegate.swift; sourceTree = "<group>"; };
		345AD12424C6EDDC004E2EE1 /* Assets.xcassets */ = {isa = PBXFileReference; lastKnownFileType = folder.assetcatalog; path = Assets.xcassets; sourceTree = "<group>"; };
		345AD12724C6EDDC004E2EE1 /* Base */ = {isa = PBXFileReference; lastKnownFileType = file.storyboard; name = Base; path = Base.lproj/LaunchScreen.storyboard; sourceTree = "<group>"; };
		345AD12924C6EDDC004E2EE1 /* Info.plist */ = {isa = PBXFileReference; lastKnownFileType = text.plist.xml; path = Info.plist; sourceTree = "<group>"; };
		345AD12F24C6EE64004E2EE1 /* FeedViewController.swift */ = {isa = PBXFileReference; fileEncoding = 4; lastKnownFileType = sourcecode.swift; path = FeedViewController.swift; sourceTree = "<group>"; };
		345AD13024C6EE64004E2EE1 /* ReviewCell.swift */ = {isa = PBXFileReference; fileEncoding = 4; lastKnownFileType = sourcecode.swift; path = ReviewCell.swift; sourceTree = "<group>"; };
		345AD13124C6EE64004E2EE1 /* Feed.swift */ = {isa = PBXFileReference; fileEncoding = 4; lastKnownFileType = sourcecode.swift; path = Feed.swift; sourceTree = "<group>"; };
		345AD13224C6EE64004E2EE1 /* DetailsViewController.swift */ = {isa = PBXFileReference; fileEncoding = 4; lastKnownFileType = sourcecode.swift; path = DetailsViewController.swift; sourceTree = "<group>"; };
		A73C61D62518E08900C9A48B /* FilterViewController.swift */ = {isa = PBXFileReference; lastKnownFileType = sourcecode.swift; path = FilterViewController.swift; sourceTree = "<group>"; };
		A73C61DA2518E50500C9A48B /* FilterViewModel.swift */ = {isa = PBXFileReference; lastKnownFileType = sourcecode.swift; path = FilterViewModel.swift; sourceTree = "<group>"; };
		A73C61DD2518E76800C9A48B /* FilterCell.swift */ = {isa = PBXFileReference; lastKnownFileType = sourcecode.swift; path = FilterCell.swift; sourceTree = "<group>"; };
		A73C61E7251945F700C9A48B /* DetailsViewModel.swift */ = {isa = PBXFileReference; lastKnownFileType = sourcecode.swift; path = DetailsViewModel.swift; sourceTree = "<group>"; };
		A73C61EF2519488600C9A48B /* Extension+Int.swift */ = {isa = PBXFileReference; lastKnownFileType = sourcecode.swift; path = "Extension+Int.swift"; sourceTree = "<group>"; };
		A7D1DE0B2518A63200011855 /* NetworkService.swift */ = {isa = PBXFileReference; lastKnownFileType = sourcecode.swift; path = NetworkService.swift; sourceTree = "<group>"; };
		A7D1DE0E2518A6A800011855 /* APIMapping.swift */ = {isa = PBXFileReference; lastKnownFileType = sourcecode.swift; path = APIMapping.swift; sourceTree = "<group>"; };
		A7D1DE122518B05500011855 /* FeedViewModel.swift */ = {isa = PBXFileReference; lastKnownFileType = sourcecode.swift; path = FeedViewModel.swift; sourceTree = "<group>"; };
		A7D1DE182518B48F00011855 /* FeedService.swift */ = {isa = PBXFileReference; lastKnownFileType = sourcecode.swift; path = FeedService.swift; sourceTree = "<group>"; };
/* End PBXFileReference section */

/* Begin PBXFrameworksBuildPhase section */
		345AD11524C6EDD9004E2EE1 /* Frameworks */ = {
			isa = PBXFrameworksBuildPhase;
			buildActionMask = 2147483647;
			files = (
			);
			runOnlyForDeploymentPostprocessing = 0;
		};
/* End PBXFrameworksBuildPhase section */

/* Begin PBXGroup section */
		345AD10F24C6EDD9004E2EE1 = {
			isa = PBXGroup;
			children = (
				345AD11A24C6EDD9004E2EE1 /* AppStoreReviews */,
				345AD11924C6EDD9004E2EE1 /* Products */,
			);
			sourceTree = "<group>";
		};
		345AD11924C6EDD9004E2EE1 /* Products */ = {
			isa = PBXGroup;
			children = (
				345AD11824C6EDD9004E2EE1 /* AppStoreReviews.app */,
			);
			name = Products;
			sourceTree = "<group>";
		};
		345AD11A24C6EDD9004E2EE1 /* AppStoreReviews */ = {
			isa = PBXGroup;
			children = (
				345AD11B24C6EDD9004E2EE1 /* AppDelegate.swift */,
				A73C61F22519488C00C9A48B /* Extension */,
				A73C61D32518DB6100C9A48B /* Model */,
				A7D1DE162518B05B00011855 /* Feed */,
				A73C61EC2519460200C9A48B /* Details */,
				A73C61D52518E07000C9A48B /* Filter */,
				A7D1DE012518A2BC00011855 /* Networking */,
				345AD12424C6EDDC004E2EE1 /* Assets.xcassets */,
				345AD12624C6EDDC004E2EE1 /* LaunchScreen.storyboard */,
				345AD12924C6EDDC004E2EE1 /* Info.plist */,
			);
			path = AppStoreReviews;
			sourceTree = "<group>";
		};
		A73C61D32518DB6100C9A48B /* Model */ = {
			isa = PBXGroup;
			children = (
				345AD13124C6EE64004E2EE1 /* Feed.swift */,
			);
			path = Model;
			sourceTree = "<group>";
		};
		A73C61D52518E07000C9A48B /* Filter */ = {
			isa = PBXGroup;
			children = (
				A73C61DA2518E50500C9A48B /* FilterViewModel.swift */,
				A73C61D62518E08900C9A48B /* FilterViewController.swift */,
				A73C61DD2518E76800C9A48B /* FilterCell.swift */,
			);
			path = Filter;
			sourceTree = "<group>";
		};
		A73C61EC2519460200C9A48B /* Details */ = {
			isa = PBXGroup;
			children = (
				A73C61E7251945F700C9A48B /* DetailsViewModel.swift */,
				345AD13224C6EE64004E2EE1 /* DetailsViewController.swift */,
			);
			path = Details;
			sourceTree = "<group>";
		};
		A73C61F22519488C00C9A48B /* Extension */ = {
			isa = PBXGroup;
			children = (
				A73C61EF2519488600C9A48B /* Extension+Int.swift */,
			);
			path = Extension;
			sourceTree = "<group>";
		};
		A7D1DE012518A2BC00011855 /* Networking */ = {
			isa = PBXGroup;
			children = (
				A7D1DE0B2518A63200011855 /* NetworkService.swift */,
				A7D1DE0E2518A6A800011855 /* APIMapping.swift */,
			);
			path = Networking;
			sourceTree = "<group>";
		};
		A7D1DE162518B05B00011855 /* Feed */ = {
			isa = PBXGroup;
			children = (
				A7D1DE122518B05500011855 /* FeedViewModel.swift */,
				345AD12F24C6EE64004E2EE1 /* FeedViewController.swift */,
				345AD13024C6EE64004E2EE1 /* ReviewCell.swift */,
				A7D1DE182518B48F00011855 /* FeedService.swift */,
			);
			path = Feed;
			sourceTree = "<group>";
		};
/* End PBXGroup section */

/* Begin PBXNativeTarget section */
		345AD11724C6EDD9004E2EE1 /* AppStoreReviews */ = {
			isa = PBXNativeTarget;
			buildConfigurationList = 345AD12C24C6EDDC004E2EE1 /* Build configuration list for PBXNativeTarget "AppStoreReviews" */;
			buildPhases = (
				345AD11424C6EDD9004E2EE1 /* Sources */,
				345AD11524C6EDD9004E2EE1 /* Frameworks */,
				345AD11624C6EDD9004E2EE1 /* Resources */,
			);
			buildRules = (
			);
			dependencies = (
			);
			name = AppStoreReviews;
			productName = AppStoreReviews;
			productReference = 345AD11824C6EDD9004E2EE1 /* AppStoreReviews.app */;
			productType = "com.apple.product-type.application";
		};
/* End PBXNativeTarget section */

/* Begin PBXProject section */
		345AD11024C6EDD9004E2EE1 /* Project object */ = {
			isa = PBXProject;
			attributes = {
				LastSwiftUpdateCheck = 1160;
				LastUpgradeCheck = 1200;
				ORGANIZATIONNAME = ING;
				TargetAttributes = {
					345AD11724C6EDD9004E2EE1 = {
						CreatedOnToolsVersion = 11.6;
					};
				};
			};
			buildConfigurationList = 345AD11324C6EDD9004E2EE1 /* Build configuration list for PBXProject "AppStoreReviews" */;
			compatibilityVersion = "Xcode 9.3";
			developmentRegion = en;
			hasScannedForEncodings = 0;
			knownRegions = (
				en,
				Base,
			);
			mainGroup = 345AD10F24C6EDD9004E2EE1;
			productRefGroup = 345AD11924C6EDD9004E2EE1 /* Products */;
			projectDirPath = "";
			projectRoot = "";
			targets = (
				345AD11724C6EDD9004E2EE1 /* AppStoreReviews */,
			);
		};
/* End PBXProject section */

/* Begin PBXResourcesBuildPhase section */
		345AD11624C6EDD9004E2EE1 /* Resources */ = {
			isa = PBXResourcesBuildPhase;
			buildActionMask = 2147483647;
			files = (
				345AD12824C6EDDC004E2EE1 /* LaunchScreen.storyboard in Resources */,
				345AD12524C6EDDC004E2EE1 /* Assets.xcassets in Resources */,
			);
			runOnlyForDeploymentPostprocessing = 0;
		};
/* End PBXResourcesBuildPhase section */

/* Begin PBXSourcesBuildPhase section */
		345AD11424C6EDD9004E2EE1 /* Sources */ = {
			isa = PBXSourcesBuildPhase;
			buildActionMask = 2147483647;
			files = (
				345AD13524C6EE64004E2EE1 /* Feed.swift in Sources */,
				A73C61DE2518E76800C9A48B /* FilterCell.swift in Sources */,
				345AD13424C6EE64004E2EE1 /* ReviewCell.swift in Sources */,
				A73C61F02519488600C9A48B /* Extension+Int.swift in Sources */,
				345AD13324C6EE64004E2EE1 /* FeedViewController.swift in Sources */,
				A73C61E8251945F700C9A48B /* DetailsViewModel.swift in Sources */,
				345AD11C24C6EDD9004E2EE1 /* AppDelegate.swift in Sources */,
				A73C61D72518E08900C9A48B /* FilterViewController.swift in Sources */,
				A7D1DE0C2518A63200011855 /* NetworkService.swift in Sources */,
				A7D1DE0F2518A6A800011855 /* APIMapping.swift in Sources */,
				A7D1DE132518B05500011855 /* FeedViewModel.swift in Sources */,
				A73C61DB2518E50500C9A48B /* FilterViewModel.swift in Sources */,
				345AD13624C6EE64004E2EE1 /* DetailsViewController.swift in Sources */,
				A7D1DE192518B48F00011855 /* FeedService.swift in Sources */,
			);
			runOnlyForDeploymentPostprocessing = 0;
		};
/* End PBXSourcesBuildPhase section */

/* Begin PBXVariantGroup section */
		345AD12624C6EDDC004E2EE1 /* LaunchScreen.storyboard */ = {
			isa = PBXVariantGroup;
			children = (
				345AD12724C6EDDC004E2EE1 /* Base */,
			);
			name = LaunchScreen.storyboard;
			sourceTree = "<group>";
		};
/* End PBXVariantGroup section */

/* Begin XCBuildConfiguration section */
		345AD12A24C6EDDC004E2EE1 /* Debug */ = {
			isa = XCBuildConfiguration;
			buildSettings = {
				ALWAYS_SEARCH_USER_PATHS = NO;
				CLANG_ANALYZER_NONNULL = YES;
				CLANG_ANALYZER_NUMBER_OBJECT_CONVERSION = YES_AGGRESSIVE;
				CLANG_CXX_LANGUAGE_STANDARD = "gnu++14";
				CLANG_CXX_LIBRARY = "libc++";
				CLANG_ENABLE_MODULES = YES;
				CLANG_ENABLE_OBJC_ARC = YES;
				CLANG_ENABLE_OBJC_WEAK = YES;
				CLANG_WARN_BLOCK_CAPTURE_AUTORELEASING = YES;
				CLANG_WARN_BOOL_CONVERSION = YES;
				CLANG_WARN_COMMA = YES;
				CLANG_WARN_CONSTANT_CONVERSION = YES;
				CLANG_WARN_DEPRECATED_OBJC_IMPLEMENTATIONS = YES;
				CLANG_WARN_DIRECT_OBJC_ISA_USAGE = YES_ERROR;
				CLANG_WARN_DOCUMENTATION_COMMENTS = YES;
				CLANG_WARN_EMPTY_BODY = YES;
				CLANG_WARN_ENUM_CONVERSION = YES;
				CLANG_WARN_INFINITE_RECURSION = YES;
				CLANG_WARN_INT_CONVERSION = YES;
				CLANG_WARN_NON_LITERAL_NULL_CONVERSION = YES;
				CLANG_WARN_OBJC_IMPLICIT_RETAIN_SELF = YES;
				CLANG_WARN_OBJC_LITERAL_CONVERSION = YES;
				CLANG_WARN_OBJC_ROOT_CLASS = YES_ERROR;
				CLANG_WARN_QUOTED_INCLUDE_IN_FRAMEWORK_HEADER = YES;
				CLANG_WARN_RANGE_LOOP_ANALYSIS = YES;
				CLANG_WARN_STRICT_PROTOTYPES = YES;
				CLANG_WARN_SUSPICIOUS_MOVE = YES;
				CLANG_WARN_UNGUARDED_AVAILABILITY = YES_AGGRESSIVE;
				CLANG_WARN_UNREACHABLE_CODE = YES;
				CLANG_WARN__DUPLICATE_METHOD_MATCH = YES;
				COPY_PHASE_STRIP = NO;
				DEBUG_INFORMATION_FORMAT = dwarf;
				ENABLE_STRICT_OBJC_MSGSEND = YES;
				ENABLE_TESTABILITY = YES;
				GCC_C_LANGUAGE_STANDARD = gnu11;
				GCC_DYNAMIC_NO_PIC = NO;
				GCC_NO_COMMON_BLOCKS = YES;
				GCC_OPTIMIZATION_LEVEL = 0;
				GCC_PREPROCESSOR_DEFINITIONS = (
					"DEBUG=1",
					"$(inherited)",
				);
				GCC_WARN_64_TO_32_BIT_CONVERSION = YES;
				GCC_WARN_ABOUT_RETURN_TYPE = YES_ERROR;
				GCC_WARN_UNDECLARED_SELECTOR = YES;
				GCC_WARN_UNINITIALIZED_AUTOS = YES_AGGRESSIVE;
				GCC_WARN_UNUSED_FUNCTION = YES;
				GCC_WARN_UNUSED_VARIABLE = YES;
				IPHONEOS_DEPLOYMENT_TARGET = 13.6;
				MTL_ENABLE_DEBUG_INFO = INCLUDE_SOURCE;
				MTL_FAST_MATH = YES;
				ONLY_ACTIVE_ARCH = YES;
				SDKROOT = iphoneos;
				SWIFT_ACTIVE_COMPILATION_CONDITIONS = DEBUG;
				SWIFT_OPTIMIZATION_LEVEL = "-Onone";
			};
			name = Debug;
		};
		345AD12B24C6EDDC004E2EE1 /* Release */ = {
			isa = XCBuildConfiguration;
			buildSettings = {
				ALWAYS_SEARCH_USER_PATHS = NO;
				CLANG_ANALYZER_NONNULL = YES;
				CLANG_ANALYZER_NUMBER_OBJECT_CONVERSION = YES_AGGRESSIVE;
				CLANG_CXX_LANGUAGE_STANDARD = "gnu++14";
				CLANG_CXX_LIBRARY = "libc++";
				CLANG_ENABLE_MODULES = YES;
				CLANG_ENABLE_OBJC_ARC = YES;
				CLANG_ENABLE_OBJC_WEAK = YES;
				CLANG_WARN_BLOCK_CAPTURE_AUTORELEASING = YES;
				CLANG_WARN_BOOL_CONVERSION = YES;
				CLANG_WARN_COMMA = YES;
				CLANG_WARN_CONSTANT_CONVERSION = YES;
				CLANG_WARN_DEPRECATED_OBJC_IMPLEMENTATIONS = YES;
				CLANG_WARN_DIRECT_OBJC_ISA_USAGE = YES_ERROR;
				CLANG_WARN_DOCUMENTATION_COMMENTS = YES;
				CLANG_WARN_EMPTY_BODY = YES;
				CLANG_WARN_ENUM_CONVERSION = YES;
				CLANG_WARN_INFINITE_RECURSION = YES;
				CLANG_WARN_INT_CONVERSION = YES;
				CLANG_WARN_NON_LITERAL_NULL_CONVERSION = YES;
				CLANG_WARN_OBJC_IMPLICIT_RETAIN_SELF = YES;
				CLANG_WARN_OBJC_LITERAL_CONVERSION = YES;
				CLANG_WARN_OBJC_ROOT_CLASS = YES_ERROR;
				CLANG_WARN_QUOTED_INCLUDE_IN_FRAMEWORK_HEADER = YES;
				CLANG_WARN_RANGE_LOOP_ANALYSIS = YES;
				CLANG_WARN_STRICT_PROTOTYPES = YES;
				CLANG_WARN_SUSPICIOUS_MOVE = YES;
				CLANG_WARN_UNGUARDED_AVAILABILITY = YES_AGGRESSIVE;
				CLANG_WARN_UNREACHABLE_CODE = YES;
				CLANG_WARN__DUPLICATE_METHOD_MATCH = YES;
				COPY_PHASE_STRIP = NO;
				DEBUG_INFORMATION_FORMAT = "dwarf-with-dsym";
				ENABLE_NS_ASSERTIONS = NO;
				ENABLE_STRICT_OBJC_MSGSEND = YES;
				GCC_C_LANGUAGE_STANDARD = gnu11;
				GCC_NO_COMMON_BLOCKS = YES;
				GCC_WARN_64_TO_32_BIT_CONVERSION = YES;
				GCC_WARN_ABOUT_RETURN_TYPE = YES_ERROR;
				GCC_WARN_UNDECLARED_SELECTOR = YES;
				GCC_WARN_UNINITIALIZED_AUTOS = YES_AGGRESSIVE;
				GCC_WARN_UNUSED_FUNCTION = YES;
				GCC_WARN_UNUSED_VARIABLE = YES;
				IPHONEOS_DEPLOYMENT_TARGET = 13.6;
				MTL_ENABLE_DEBUG_INFO = NO;
				MTL_FAST_MATH = YES;
				SDKROOT = iphoneos;
				SWIFT_COMPILATION_MODE = wholemodule;
				SWIFT_OPTIMIZATION_LEVEL = "-O";
				VALIDATE_PRODUCT = YES;
			};
			name = Release;
		};
		345AD12D24C6EDDC004E2EE1 /* Debug */ = {
			isa = XCBuildConfiguration;
			buildSettings = {
				ASSETCATALOG_COMPILER_APPICON_NAME = AppIcon;
				CODE_SIGN_STYLE = Automatic;
				INFOPLIST_FILE = AppStoreReviews/Info.plist;
				LD_RUNPATH_SEARCH_PATHS = (
					"$(inherited)",
					"@executable_path/Frameworks",
				);
				PRODUCT_BUNDLE_IDENTIFIER = com.ing.AppStoreReviews;
				PRODUCT_NAME = "$(TARGET_NAME)";
				SWIFT_VERSION = 5.0;
				TARGETED_DEVICE_FAMILY = "1,2";
			};
			name = Debug;
		};
		345AD12E24C6EDDC004E2EE1 /* Release */ = {
			isa = XCBuildConfiguration;
			buildSettings = {
				ASSETCATALOG_COMPILER_APPICON_NAME = AppIcon;
				CODE_SIGN_STYLE = Automatic;
				INFOPLIST_FILE = AppStoreReviews/Info.plist;
				LD_RUNPATH_SEARCH_PATHS = (
					"$(inherited)",
					"@executable_path/Frameworks",
				);
				PRODUCT_BUNDLE_IDENTIFIER = com.ing.AppStoreReviews;
				PRODUCT_NAME = "$(TARGET_NAME)";
				SWIFT_VERSION = 5.0;
				TARGETED_DEVICE_FAMILY = "1,2";
			};
			name = Release;
		};
/* End XCBuildConfiguration section */

/* Begin XCConfigurationList section */
		345AD11324C6EDD9004E2EE1 /* Build configuration list for PBXProject "AppStoreReviews" */ = {
			isa = XCConfigurationList;
			buildConfigurations = (
				345AD12A24C6EDDC004E2EE1 /* Debug */,
				345AD12B24C6EDDC004E2EE1 /* Release */,
			);
			defaultConfigurationIsVisible = 0;
			defaultConfigurationName = Release;
		};
		345AD12C24C6EDDC004E2EE1 /* Build configuration list for PBXNativeTarget "AppStoreReviews" */ = {
			isa = XCConfigurationList;
			buildConfigurations = (
				345AD12D24C6EDDC004E2EE1 /* Debug */,
				345AD12E24C6EDDC004E2EE1 /* Release */,
			);
			defaultConfigurationIsVisible = 0;
			defaultConfigurationName = Release;
		};
/* End XCConfigurationList section */
	};
	rootObject = 345AD11024C6EDD9004E2EE1 /* Project object */;
}
